
Microsoft Visual Studio Solution File, Format Version 12.00
# Visual Studio 15
VisualStudioVersion = 15.0.28307.1022
MinimumVisualStudioVersion = 10.0.40219.1
Project("{FAE04EC0-301F-11D3-BF4B-00C04F79EFBC}") = "UserIdentity", "UserIdentity\UserIdentity.csproj", "{F3912612-3863-4C87-842D-C7AE77E7D36C}"
EndProject
Global
	GlobalSection(SolutionConfigurationPlatforms) = preSolution
		Debug|Any CPU = Debug|Any CPU
		Release|Any CPU = Release|Any CPU
	EndGlobalSection
	GlobalSection(ProjectConfigurationPlatforms) = postSolution
		{F3912612-3863-4C87-842D-C7AE77E7D36C}.Debug|Any CPU.ActiveCfg = Debug|Any CPU
		{F3912612-3863-4C87-842D-C7AE77E7D36C}.Debug|Any CPU.Build.0 = Debug|Any CPU
		{F3912612-3863-4C87-842D-C7AE77E7D36C}.Release|Any CPU.ActiveCfg = Release|Any CPU
		{F3912612-3863-4C87-842D-C7AE77E7D36C}.Release|Any CPU.Build.0 = Release|Any CPU
	EndGlobalSection
	GlobalSection(SolutionProperties) = preSolution
		HideSolutionNode = FALSE
	EndGlobalSection
	GlobalSection(ExtensibilityGlobals) = postSolution
		SolutionGuid = {6A1E8F24-788E-4F9E-A256-03E081CC7803}
	EndGlobalSection
EndGlobal
